
Microsoft Visual Studio Solution File, Format Version 12.00
# Visual Studio Version 17
VisualStudioVersion = 17.8.34316.72
MinimumVisualStudioVersion = 10.0.40219.1
Project("{FAE04EC0-301F-11D3-BF4B-00C04F79EFBC}") = "MQTTMasterViewer", "MQTTMasterViewer\MQTTMasterViewer.csproj", "{CD9C73DC-10D1-44A2-97AA-7290AF2949A0}"
EndProject
Global
	GlobalSection(SolutionConfigurationPlatforms) = preSolution
		Debug|Any CPU = Debug|Any CPU
		Release|Any CPU = Release|Any CPU
	EndGlobalSection
	GlobalSection(ProjectConfigurationPlatforms) = postSolution
		{CD9C73DC-10D1-44A2-97AA-7290AF2949A0}.Debug|Any CPU.ActiveCfg = Debug|Any CPU
		{CD9C73DC-10D1-44A2-97AA-7290AF2949A0}.Debug|Any CPU.Build.0 = Debug|Any CPU
		{CD9C73DC-10D1-44A2-97AA-7290AF2949A0}.Release|Any CPU.ActiveCfg = Release|Any CPU
		{CD9C73DC-10D1-44A2-97AA-7290AF2949A0}.Release|Any CPU.Build.0 = Release|Any CPU
	EndGlobalSection
	GlobalSection(SolutionProperties) = preSolution
		HideSolutionNode = FALSE
	EndGlobalSection
	GlobalSection(ExtensibilityGlobals) = postSolution
		SolutionGuid = {42524606-5E25-4E9A-B09D-54B773AD5FD9}
	EndGlobalSection
EndGlobal
